// !$*UTF8*$!
{
	archiveVersion = 1;
	classes = {
	};
	objectVersion = 77;
	objects = {

/* Begin PBXContainerItemProxy section */
		135EB01E2D425C54008C2883 /* PBXContainerItemProxy */ = {
			isa = PBXContainerItemProxy;
			containerPortal = 135EAFFF2D425C41008C2883 /* Project object */;
			proxyType = 1;
			remoteGlobalIDString = 135EB0062D425C41008C2883;
			remoteInfo = SwiftUIIntoUIKit;
		};
		135EB0282D425C54008C2883 /* PBXContainerItemProxy */ = {
			isa = PBXContainerItemProxy;
			containerPortal = 135EAFFF2D425C41008C2883 /* Project object */;
			proxyType = 1;
			remoteGlobalIDString = 135EB0062D425C41008C2883;
			remoteInfo = SwiftUIIntoUIKit;
		};
/* End PBXContainerItemProxy section */

/* Begin PBXFileReference section */
		135EB0072D425C41008C2883 /* SwiftUIIntoUIKit.app */ = {isa = PBXFileReference; explicitFileType = wrapper.application; includeInIndex = 0; path = SwiftUIIntoUIKit.app; sourceTree = BUILT_PRODUCTS_DIR; };
		135EB01D2D425C54008C2883 /* SwiftUIIntoUIKitTests.xctest */ = {isa = PBXFileReference; explicitFileType = wrapper.cfbundle; includeInIndex = 0; path = SwiftUIIntoUIKitTests.xctest; sourceTree = BUILT_PRODUCTS_DIR; };
		135EB0272D425C54008C2883 /* SwiftUIIntoUIKitUITests.xctest */ = {isa = PBXFileReference; explicitFileType = wrapper.cfbundle; includeInIndex = 0; path = SwiftUIIntoUIKitUITests.xctest; sourceTree = BUILT_PRODUCTS_DIR; };
/* End PBXFileReference section */

/* Begin PBXFileSystemSynchronizedBuildFileExceptionSet section */
		135EB02F2D425C54008C2883 /* Exceptions for "SwiftUIIntoUIKit" folder in "SwiftUIIntoUIKit" target */ = {
			isa = PBXFileSystemSynchronizedBuildFileExceptionSet;
			membershipExceptions = (
				Info.plist,
			);
			target = 135EB0062D425C41008C2883 /* SwiftUIIntoUIKit */;
		};
/* End PBXFileSystemSynchronizedBuildFileExceptionSet section */

/* Begin PBXFileSystemSynchronizedRootGroup section */
		135EB0092D425C41008C2883 /* SwiftUIIntoUIKit */ = {
			isa = PBXFileSystemSynchronizedRootGroup;
			exceptions = (
				135EB02F2D425C54008C2883 /* Exceptions for "SwiftUIIntoUIKit" folder in "SwiftUIIntoUIKit" target */,
			);
			path = SwiftUIIntoUIKit;
			sourceTree = "<group>";
		};
		135EB0202D425C54008C2883 /* SwiftUIIntoUIKitTests */ = {
			isa = PBXFileSystemSynchronizedRootGroup;
			path = SwiftUIIntoUIKitTests;
			sourceTree = "<group>";
		};
		135EB02A2D425C54008C2883 /* SwiftUIIntoUIKitUITests */ = {
			isa = PBXFileSystemSynchronizedRootGroup;
			path = SwiftUIIntoUIKitUITests;
			sourceTree = "<group>";
		};
/* End PBXFileSystemSynchronizedRootGroup section */

/* Begin PBXFrameworksBuildPhase section */
		135EB0042D425C41008C2883 /* Frameworks */ = {
			isa = PBXFrameworksBuildPhase;
			buildActionMask = 2147483647;
			files = (
			);
			runOnlyForDeploymentPostprocessing = 0;
		};
		135EB01A2D425C54008C2883 /* Frameworks */ = {
			isa = PBXFrameworksBuildPhase;
			buildActionMask = 2147483647;
			files = (
			);
			runOnlyForDeploymentPostprocessing = 0;
		};
		135EB0242D425C54008C2883 /* Frameworks */ = {
			isa = PBXFrameworksBuildPhase;
			buildActionMask = 2147483647;
			files = (
			);
			runOnlyForDeploymentPostprocessing = 0;
		};
/* End PBXFrameworksBuildPhase section */

/* Begin PBXGroup section */
		135EAFFE2D425C41008C2883 = {
			isa = PBXGroup;
			children = (
				135EB0092D425C41008C2883 /* SwiftUIIntoUIKit */,
				135EB0202D425C54008C2883 /* SwiftUIIntoUIKitTests */,
				135EB02A2D425C54008C2883 /* SwiftUIIntoUIKitUITests */,
				135EB0082D425C41008C2883 /* Products */,
			);
			sourceTree = "<group>";
		};
		135EB0082D425C41008C2883 /* Products */ = {
			isa = PBXGroup;
			children = (
				135EB0072D425C41008C2883 /* SwiftUIIntoUIKit.app */,
				135EB01D2D425C54008C2883 /* SwiftUIIntoUIKitTests.xctest */,
				135EB0272D425C54008C2883 /* SwiftUIIntoUIKitUITests.xctest */,
			);
			name = Products;
			sourceTree = "<group>";
		};
/* End PBXGroup section */

/* Begin PBXNativeTarget section */
		135EB0062D425C41008C2883 /* SwiftUIIntoUIKit */ = {
			isa = PBXNativeTarget;
			buildConfigurationList = 135EB0302D425C54008C2883 /* Build configuration list for PBXNativeTarget "SwiftUIIntoUIKit" */;
			buildPhases = (
				135EB0032D425C41008C2883 /* Sources */,
				135EB0042D425C41008C2883 /* Frameworks */,
				135EB0052D425C41008C2883 /* Resources */,
			);
			buildRules = (
			);
			dependencies = (
			);
			fileSystemSynchronizedGroups = (
				135EB0092D425C41008C2883 /* SwiftUIIntoUIKit */,
			);
			name = SwiftUIIntoUIKit;
			packageProductDependencies = (
			);
			productName = SwiftUIIntoUIKit;
			productReference = 135EB0072D425C41008C2883 /* SwiftUIIntoUIKit.app */;
			productType = "com.apple.product-type.application";
		};
		135EB01C2D425C54008C2883 /* SwiftUIIntoUIKitTests */ = {
			isa = PBXNativeTarget;
			buildConfigurationList = 135EB0352D425C54008C2883 /* Build configuration list for PBXNativeTarget "SwiftUIIntoUIKitTests" */;
			buildPhases = (
				135EB0192D425C54008C2883 /* Sources */,
				135EB01A2D425C54008C2883 /* Frameworks */,
				135EB01B2D425C54008C2883 /* Resources */,
			);
			buildRules = (
			);
			dependencies = (
				135EB01F2D425C54008C2883 /* PBXTargetDependency */,
			);
			fileSystemSynchronizedGroups = (
				135EB0202D425C54008C2883 /* SwiftUIIntoUIKitTests */,
			);
			name = SwiftUIIntoUIKitTests;
			packageProductDependencies = (
			);
			productName = SwiftUIIntoUIKitTests;
			productReference = 135EB01D2D425C54008C2883 /* SwiftUIIntoUIKitTests.xctest */;
			productType = "com.apple.product-type.bundle.unit-test";
		};
		135EB0262D425C54008C2883 /* SwiftUIIntoUIKitUITests */ = {
			isa = PBXNativeTarget;
			buildConfigurationList = 135EB0382D425C54008C2883 /* Build configuration list for PBXNativeTarget "SwiftUIIntoUIKitUITests" */;
			buildPhases = (
				135EB0232D425C54008C2883 /* Sources */,
				135EB0242D425C54008C2883 /* Frameworks */,
				135EB0252D425C54008C2883 /* Resources */,
			);
			buildRules = (
			);
			dependencies = (
				135EB0292D425C54008C2883 /* PBXTargetDependency */,
			);
			fileSystemSynchronizedGroups = (
				135EB02A2D425C54008C2883 /* SwiftUIIntoUIKitUITests */,
			);
			name = SwiftUIIntoUIKitUITests;
			packageProductDependencies = (
			);
			productName = SwiftUIIntoUIKitUITests;
			productReference = 135EB0272D425C54008C2883 /* SwiftUIIntoUIKitUITests.xctest */;
			productType = "com.apple.product-type.bundle.ui-testing";
		};
/* End PBXNativeTarget section */

/* Begin PBXProject section */
		135EAFFF2D425C41008C2883 /* Project object */ = {
			isa = PBXProject;
			attributes = {
				BuildIndependentTargetsInParallel = 1;
				LastSwiftUpdateCheck = 1610;
				LastUpgradeCheck = 1610;
				TargetAttributes = {
					135EB0062D425C41008C2883 = {
						CreatedOnToolsVersion = 16.1;
					};
					135EB01C2D425C54008C2883 = {
						CreatedOnToolsVersion = 16.1;
						TestTargetID = 135EB0062D425C41008C2883;
					};
					135EB0262D425C54008C2883 = {
						CreatedOnToolsVersion = 16.1;
						TestTargetID = 135EB0062D425C41008C2883;
					};
				};
			};
			buildConfigurationList = 135EB0022D425C41008C2883 /* Build configuration list for PBXProject "SwiftUIIntoUIKit" */;
			developmentRegion = en;
			hasScannedForEncodings = 0;
			knownRegions = (
				en,
				Base,
			);
			mainGroup = 135EAFFE2D425C41008C2883;
			minimizedProjectReferenceProxies = 1;
			preferredProjectObjectVersion = 77;
			productRefGroup = 135EB0082D425C41008C2883 /* Products */;
			projectDirPath = "";
			projectRoot = "";
			targets = (
				135EB0062D425C41008C2883 /* SwiftUIIntoUIKit */,
				135EB01C2D425C54008C2883 /* SwiftUIIntoUIKitTests */,
				135EB0262D425C54008C2883 /* SwiftUIIntoUIKitUITests */,
			);
		};
/* End PBXProject section */

/* Begin PBXResourcesBuildPhase section */
		135EB0052D425C41008C2883 /* Resources */ = {
			isa = PBXResourcesBuildPhase;
			buildActionMask = 2147483647;
			files = (
			);
			runOnlyForDeploymentPostprocessing = 0;
		};
		135EB01B2D425C54008C2883 /* Resources */ = {
			isa = PBXResourcesBuildPhase;
			buildActionMask = 2147483647;
			files = (
			);
			runOnlyForDeploymentPostprocessing = 0;
		};
		135EB0252D425C54008C2883 /* Resources */ = {
			isa = PBXResourcesBuildPhase;
			buildActionMask = 2147483647;
			files = (
			);
			runOnlyForDeploymentPostprocessing = 0;
		};
/* End PBXResourcesBuildPhase section */

/* Begin PBXSourcesBuildPhase section */
		135EB0032D425C41008C2883 /* Sources */ = {
			isa = PBXSourcesBuildPhase;
			buildActionMask = 2147483647;
			files = (
			);
			runOnlyForDeploymentPostprocessing = 0;
		};
		135EB0192D425C54008C2883 /* Sources */ = {
			isa = PBXSourcesBuildPhase;
			buildActionMask = 2147483647;
			files = (
			);
			runOnlyForDeploymentPostprocessing = 0;
		};
		135EB0232D425C54008C2883 /* Sources */ = {
			isa = PBXSourcesBuildPhase;
			buildActionMask = 2147483647;
			files = (
			);
			runOnlyForDeploymentPostprocessing = 0;
		};
/* End PBXSourcesBuildPhase section */

/* Begin PBXTargetDependency section */
		135EB01F2D425C54008C2883 /* PBXTargetDependency */ = {
			isa = PBXTargetDependency;
			target = 135EB0062D425C41008C2883 /* SwiftUIIntoUIKit */;
			targetProxy = 135EB01E2D425C54008C2883 /* PBXContainerItemProxy */;
		};
		135EB0292D425C54008C2883 /* PBXTargetDependency */ = {
			isa = PBXTargetDependency;
			target = 135EB0062D425C41008C2883 /* SwiftUIIntoUIKit */;
			targetProxy = 135EB0282D425C54008C2883 /* PBXContainerItemProxy */;
		};
/* End PBXTargetDependency section */

/* Begin XCBuildConfiguration section */
		135EB0312D425C54008C2883 /* Debug */ = {
			isa = XCBuildConfiguration;
			buildSettings = {
				ASSETCATALOG_COMPILER_APPICON_NAME = AppIcon;
				ASSETCATALOG_COMPILER_GLOBAL_ACCENT_COLOR_NAME = AccentColor;
				CODE_SIGN_STYLE = Automatic;
				CURRENT_PROJECT_VERSION = 1;
				DEVELOPMENT_TEAM = 9F49W83KP5;
				GENERATE_INFOPLIST_FILE = YES;
				INFOPLIST_FILE = SwiftUIIntoUIKit/Info.plist;
				INFOPLIST_KEY_UIApplicationSupportsIndirectInputEvents = YES;
				INFOPLIST_KEY_UILaunchStoryboardName = LaunchScreen;
				INFOPLIST_KEY_UIMainStoryboardFile = Main;
				INFOPLIST_KEY_UISupportedInterfaceOrientations_iPad = "UIInterfaceOrientationPortrait UIInterfaceOrientationPortraitUpsideDown UIInterfaceOrientationLandscapeLeft UIInterfaceOrientationLandscapeRight";
				INFOPLIST_KEY_UISupportedInterfaceOrientations_iPhone = "UIInterfaceOrientationPortrait UIInterfaceOrientationLandscapeLeft UIInterfaceOrientationLandscapeRight";
				LD_RUNPATH_SEARCH_PATHS = (
					"$(inherited)",
					"@executable_path/Frameworks",
				);
				MARKETING_VERSION = 1.0;
				PRODUCT_BUNDLE_IDENTIFIER = Manish.SwiftUIIntoUIKit;
				PRODUCT_NAME = "$(TARGET_NAME)";
				SUPPORTED_PLATFORMS = "iphoneos iphonesimulator";
				SUPPORTS_MACCATALYST = NO;
				SUPPORTS_MAC_DESIGNED_FOR_IPHONE_IPAD = NO;
				SUPPORTS_XR_DESIGNED_FOR_IPHONE_IPAD = NO;
				SWIFT_EMIT_LOC_STRINGS = YES;
				SWIFT_VERSION = 5.0;
				TARGETED_DEVICE_FAMILY = "1,2";
			};
			name = Debug;
		};
		135EB0322D425C54008C2883 /* Release */ = {
			isa = XCBuildConfiguration;
			buildSettings = {
				ASSETCATALOG_COMPILER_APPICON_NAME = AppIcon;
				ASSETCATALOG_COMPILER_GLOBAL_ACCENT_COLOR_NAME = AccentColor;
				CODE_SIGN_STYLE = Automatic;
				CURRENT_PROJECT_VERSION = 1;
				DEVELOPMENT_TEAM = 9F49W83KP5;
				GENERATE_INFOPLIST_FILE = YES;
				INFOPLIST_FILE = SwiftUIIntoUIKit/Info.plist;
				INFOPLIST_KEY_UIApplicationSupportsIndirectInputEvents = YES;
				INFOPLIST_KEY_UILaunchStoryboardName = LaunchScreen;
				INFOPLIST_KEY_UIMainStoryboardFile = Main;
				INFOPLIST_KEY_UISupportedInterfaceOrientations_iPad = "UIInterfaceOrientationPortrait UIInterfaceOrientationPortraitUpsideDown UIInterfaceOrientationLandscapeLeft UIInterfaceOrientationLandscapeRight";
				INFOPLIST_KEY_UISupportedInterfaceOrientations_iPhone = "UIInterfaceOrientationPortrait UIInterfaceOrientationLandscapeLeft UIInterfaceOrientationLandscapeRight";
				LD_RUNPATH_SEARCH_PATHS = (
					"$(inherited)",
					"@executable_path/Frameworks",
				);
				MARKETING_VERSION = 1.0;
				PRODUCT_BUNDLE_IDENTIFIER = Manish.SwiftUIIntoUIKit;
				PRODUCT_NAME = "$(TARGET_NAME)";
				SUPPORTED_PLATFORMS = "iphoneos iphonesimulator";
				SUPPORTS_MACCATALYST = NO;
				SUPPORTS_MAC_DESIGNED_FOR_IPHONE_IPAD = NO;
				SUPPORTS_XR_DESIGNED_FOR_IPHONE_IPAD = NO;
				SWIFT_EMIT_LOC_STRINGS = YES;
				SWIFT_VERSION = 5.0;
				TARGETED_DEVICE_FAMILY = "1,2";
			};
			name = Release;
		};
		135EB0332D425C54008C2883 /* Debug */ = {
			isa = XCBuildConfiguration;
			buildSettings = {
				ALWAYS_SEARCH_USER_PATHS = NO;
				ASSETCATALOG_COMPILER_GENERATE_SWIFT_ASSET_SYMBOL_EXTENSIONS = YES;
				CLANG_ANALYZER_NONNULL = YES;
				CLANG_ANALYZER_NUMBER_OBJECT_CONVERSION = YES_AGGRESSIVE;
				CLANG_CXX_LANGUAGE_STANDARD = "gnu++20";
				CLANG_ENABLE_MODULES = YES;
				CLANG_ENABLE_OBJC_ARC = YES;
				CLANG_ENABLE_OBJC_WEAK = YES;
				CLANG_WARN_BLOCK_CAPTURE_AUTORELEASING = YES;
				CLANG_WARN_BOOL_CONVERSION = YES;
				CLANG_WARN_COMMA = YES;
				CLANG_WARN_CONSTANT_CONVERSION = YES;
				CLANG_WARN_DEPRECATED_OBJC_IMPLEMENTATIONS = YES;
				CLANG_WARN_DIRECT_OBJC_ISA_USAGE = YES_ERROR;
				CLANG_WARN_DOCUMENTATION_COMMENTS = YES;
				CLANG_WARN_EMPTY_BODY = YES;
				CLANG_WARN_ENUM_CONVERSION = YES;
				CLANG_WARN_INFINITE_RECURSION = YES;
				CLANG_WARN_INT_CONVERSION = YES;
				CLANG_WARN_NON_LITERAL_NULL_CONVERSION = YES;
				CLANG_WARN_OBJC_IMPLICIT_RETAIN_SELF = YES;
				CLANG_WARN_OBJC_LITERAL_CONVERSION = YES;
				CLANG_WARN_OBJC_ROOT_CLASS = YES_ERROR;
				CLANG_WARN_QUOTED_INCLUDE_IN_FRAMEWORK_HEADER = YES;
				CLANG_WARN_RANGE_LOOP_ANALYSIS = YES;
				CLANG_WARN_STRICT_PROTOTYPES = YES;
				CLANG_WARN_SUSPICIOUS_MOVE = YES;
				CLANG_WARN_UNGUARDED_AVAILABILITY = YES_AGGRESSIVE;
				CLANG_WARN_UNREACHABLE_CODE = YES;
				CLANG_WARN__DUPLICATE_METHOD_MATCH = YES;
				COPY_PHASE_STRIP = NO;
				DEBUG_INFORMATION_FORMAT = dwarf;
				ENABLE_STRICT_OBJC_MSGSEND = YES;
				ENABLE_TESTABILITY = YES;
				ENABLE_USER_SCRIPT_SANDBOXING = YES;
				GCC_C_LANGUAGE_STANDARD = gnu17;
				GCC_DYNAMIC_NO_PIC = NO;
				GCC_NO_COMMON_BLOCKS = YES;
				GCC_OPTIMIZATION_LEVEL = 0;
				GCC_PREPROCESSOR_DEFINITIONS = (
					"DEBUG=1",
					"$(inherited)",
				);
				GCC_WARN_64_TO_32_BIT_CONVERSION = YES;
				GCC_WARN_ABOUT_RETURN_TYPE = YES_ERROR;
				GCC_WARN_UNDECLARED_SELECTOR = YES;
				GCC_WARN_UNINITIALIZED_AUTOS = YES_AGGRESSIVE;
				GCC_WARN_UNUSED_FUNCTION = YES;
				GCC_WARN_UNUSED_VARIABLE = YES;
				IPHONEOS_DEPLOYMENT_TARGET = 18.1;
				LOCALIZATION_PREFERS_STRING_CATALOGS = YES;
				MTL_ENABLE_DEBUG_INFO = INCLUDE_SOURCE;
				MTL_FAST_MATH = YES;
				ONLY_ACTIVE_ARCH = YES;
				SDKROOT = iphoneos;
				SWIFT_ACTIVE_COMPILATION_CONDITIONS = "DEBUG $(inherited)";
				SWIFT_OPTIMIZATION_LEVEL = "-Onone";
			};
			name = Debug;
		};
		135EB0342D425C54008C2883 /* Release */ = {
			isa = XCBuildConfiguration;
			buildSettings = {
				ALWAYS_SEARCH_USER_PATHS = NO;
				ASSETCATALOG_COMPILER_GENERATE_SWIFT_ASSET_SYMBOL_EXTENSIONS = YES;
				CLANG_ANALYZER_NONNULL = YES;
				CLANG_ANALYZER_NUMBER_OBJECT_CONVERSION = YES_AGGRESSIVE;
				CLANG_CXX_LANGUAGE_STANDARD = "gnu++20";
				CLANG_ENABLE_MODULES = YES;
				CLANG_ENABLE_OBJC_ARC = YES;
				CLANG_ENABLE_OBJC_WEAK = YES;
				CLANG_WARN_BLOCK_CAPTURE_AUTORELEASING = YES;
				CLANG_WARN_BOOL_CONVERSION = YES;
				CLANG_WARN_COMMA = YES;
				CLANG_WARN_CONSTANT_CONVERSION = YES;
				CLANG_WARN_DEPRECATED_OBJC_IMPLEMENTATIONS = YES;
				CLANG_WARN_DIRECT_OBJC_ISA_USAGE = YES_ERROR;
				CLANG_WARN_DOCUMENTATION_COMMENTS = YES;
				CLANG_WARN_EMPTY_BODY = YES;
				CLANG_WARN_ENUM_CONVERSION = YES;
				CLANG_WARN_INFINITE_RECURSION = YES;
				CLANG_WARN_INT_CONVERSION = YES;
				CLANG_WARN_NON_LITERAL_NULL_CONVERSION = YES;
				CLANG_WARN_OBJC_IMPLICIT_RETAIN_SELF = YES;
				CLANG_WARN_OBJC_LITERAL_CONVERSION = YES;
				CLANG_WARN_OBJC_ROOT_CLASS = YES_ERROR;
				CLANG_WARN_QUOTED_INCLUDE_IN_FRAMEWORK_HEADER = YES;
				CLANG_WARN_RANGE_LOOP_ANALYSIS = YES;
				CLANG_WARN_STRICT_PROTOTYPES = YES;
				CLANG_WARN_SUSPICIOUS_MOVE = YES;
				CLANG_WARN_UNGUARDED_AVAILABILITY = YES_AGGRESSIVE;
				CLANG_WARN_UNREACHABLE_CODE = YES;
				CLANG_WARN__DUPLICATE_METHOD_MATCH = YES;
				COPY_PHASE_STRIP = NO;
				DEBUG_INFORMATION_FORMAT = "dwarf-with-dsym";
				ENABLE_NS_ASSERTIONS = NO;
				ENABLE_STRICT_OBJC_MSGSEND = YES;
				ENABLE_USER_SCRIPT_SANDBOXING = YES;
				GCC_C_LANGUAGE_STANDARD = gnu17;
				GCC_NO_COMMON_BLOCKS = YES;
				GCC_WARN_64_TO_32_BIT_CONVERSION = YES;
				GCC_WARN_ABOUT_RETURN_TYPE = YES_ERROR;
				GCC_WARN_UNDECLARED_SELECTOR = YES;
				GCC_WARN_UNINITIALIZED_AUTOS = YES_AGGRESSIVE;
				GCC_WARN_UNUSED_FUNCTION = YES;
				GCC_WARN_UNUSED_VARIABLE = YES;
				IPHONEOS_DEPLOYMENT_TARGET = 18.1;
				LOCALIZATION_PREFERS_STRING_CATALOGS = YES;
				MTL_ENABLE_DEBUG_INFO = NO;
				MTL_FAST_MATH = YES;
				SDKROOT = iphoneos;
				SWIFT_COMPILATION_MODE = wholemodule;
				VALIDATE_PRODUCT = YES;
			};
			name = Release;
		};
		135EB0362D425C54008C2883 /* Debug */ = {
			isa = XCBuildConfiguration;
			buildSettings = {
				BUNDLE_LOADER = "$(TEST_HOST)";
				CODE_SIGN_STYLE = Automatic;
				CURRENT_PROJECT_VERSION = 1;
				DEVELOPMENT_TEAM = 9F49W83KP5;
				GENERATE_INFOPLIST_FILE = YES;
				IPHONEOS_DEPLOYMENT_TARGET = 18.1;
				MARKETING_VERSION = 1.0;
				PRODUCT_BUNDLE_IDENTIFIER = Manish.SwiftUIIntoUIKitTests;
				PRODUCT_NAME = "$(TARGET_NAME)";
				SWIFT_EMIT_LOC_STRINGS = NO;
				SWIFT_VERSION = 5.0;
				TARGETED_DEVICE_FAMILY = "1,2";
				TEST_HOST = "$(BUILT_PRODUCTS_DIR)/SwiftUIIntoUIKit.app/$(BUNDLE_EXECUTABLE_FOLDER_PATH)/SwiftUIIntoUIKit";
			};
			name = Debug;
		};
		135EB0372D425C54008C2883 /* Release */ = {
			isa = XCBuildConfiguration;
			buildSettings = {
				BUNDLE_LOADER = "$(TEST_HOST)";
				CODE_SIGN_STYLE = Automatic;
				CURRENT_PROJECT_VERSION = 1;
				DEVELOPMENT_TEAM = 9F49W83KP5;
				GENERATE_INFOPLIST_FILE = YES;
				IPHONEOS_DEPLOYMENT_TARGET = 18.1;
				MARKETING_VERSION = 1.0;
				PRODUCT_BUNDLE_IDENTIFIER = Manish.SwiftUIIntoUIKitTests;
				PRODUCT_NAME = "$(TARGET_NAME)";
				SWIFT_EMIT_LOC_STRINGS = NO;
				SWIFT_VERSION = 5.0;
				TARGETED_DEVICE_FAMILY = "1,2";
				TEST_HOST = "$(BUILT_PRODUCTS_DIR)/SwiftUIIntoUIKit.app/$(BUNDLE_EXECUTABLE_FOLDER_PATH)/SwiftUIIntoUIKit";
			};
			name = Release;
		};
		135EB0392D425C54008C2883 /* Debug */ = {
			isa = XCBuildConfiguration;
			buildSettings = {
				CODE_SIGN_STYLE = Automatic;
				CURRENT_PROJECT_VERSION = 1;
				DEVELOPMENT_TEAM = 9F49W83KP5;
				GENERATE_INFOPLIST_FILE = YES;
				MARKETING_VERSION = 1.0;
				PRODUCT_BUNDLE_IDENTIFIER = Manish.SwiftUIIntoUIKitUITests;
				PRODUCT_NAME = "$(TARGET_NAME)";
				SWIFT_EMIT_LOC_STRINGS = NO;
				SWIFT_VERSION = 5.0;
				TARGETED_DEVICE_FAMILY = "1,2";
				TEST_TARGET_NAME = SwiftUIIntoUIKit;
			};
			name = Debug;
		};
		135EB03A2D425C54008C2883 /* Release */ = {
			isa = XCBuildConfiguration;
			buildSettings = {
				CODE_SIGN_STYLE = Automatic;
				CURRENT_PROJECT_VERSION = 1;
				DEVELOPMENT_TEAM = 9F49W83KP5;
				GENERATE_INFOPLIST_FILE = YES;
				MARKETING_VERSION = 1.0;
				PRODUCT_BUNDLE_IDENTIFIER = Manish.SwiftUIIntoUIKitUITests;
				PRODUCT_NAME = "$(TARGET_NAME)";
				SWIFT_EMIT_LOC_STRINGS = NO;
				SWIFT_VERSION = 5.0;
				TARGETED_DEVICE_FAMILY = "1,2";
				TEST_TARGET_NAME = SwiftUIIntoUIKit;
			};
			name = Release;
		};
/* End XCBuildConfiguration section */

/* Begin XCConfigurationList section */
		135EB0022D425C41008C2883 /* Build configuration list for PBXProject "SwiftUIIntoUIKit" */ = {
			isa = XCConfigurationList;
			buildConfigurations = (
				135EB0332D425C54008C2883 /* Debug */,
				135EB0342D425C54008C2883 /* Release */,
			);
			defaultConfigurationIsVisible = 0;
			defaultConfigurationName = Release;
		};
		135EB0302D425C54008C2883 /* Build configuration list for PBXNativeTarget "SwiftUIIntoUIKit" */ = {
			isa = XCConfigurationList;
			buildConfigurations = (
				135EB0312D425C54008C2883 /* Debug */,
				135EB0322D425C54008C2883 /* Release */,
			);
			defaultConfigurationIsVisible = 0;
			defaultConfigurationName = Release;
		};
		135EB0352D425C54008C2883 /* Build configuration list for PBXNativeTarget "SwiftUIIntoUIKitTests" */ = {
			isa = XCConfigurationList;
			buildConfigurations = (
				135EB0362D425C54008C2883 /* Debug */,
				135EB0372D425C54008C2883 /* Release */,
			);
			defaultConfigurationIsVisible = 0;
			defaultConfigurationName = Release;
		};
		135EB0382D425C54008C2883 /* Build configuration list for PBXNativeTarget "SwiftUIIntoUIKitUITests" */ = {
			isa = XCConfigurationList;
			buildConfigurations = (
				135EB0392D425C54008C2883 /* Debug */,
				135EB03A2D425C54008C2883 /* Release */,
			);
			defaultConfigurationIsVisible = 0;
			defaultConfigurationName = Release;
		};
/* End XCConfigurationList section */
	};
	rootObject = 135EAFFF2D425C41008C2883 /* Project object */;
}
