// !$*UTF8*$!
{
	archiveVersion = 1;
	classes = {
	};
	objectVersion = 56;
	objects = {

/* Begin PBXBuildFile section */
		11E983E92B877F64000449D2 /* FavoriteButton.swift in Sources */ = {isa = PBXBuildFile; fileRef = 11E983E82B877F64000449D2 /* FavoriteButton.swift */; };
		136FEC222B599F490052E25E /* LandmarkApp.swift in Sources */ = {isa = PBXBuildFile; fileRef = 136FEC212B599F490052E25E /* LandmarkApp.swift */; };
		136FEC262B599F4B0052E25E /* Assets.xcassets in Resources */ = {isa = PBXBuildFile; fileRef = 136FEC252B599F4B0052E25E /* Assets.xcassets */; };
		136FEC292B599F4B0052E25E /* Preview Assets.xcassets in Resources */ = {isa = PBXBuildFile; fileRef = 136FEC282B599F4B0052E25E /* Preview Assets.xcassets */; };
		136FEC302B59A3940052E25E /* CircleImage.swift in Sources */ = {isa = PBXBuildFile; fileRef = 136FEC2F2B59A3930052E25E /* CircleImage.swift */; };
		136FEC322B59A4BF0052E25E /* MapView.swift in Sources */ = {isa = PBXBuildFile; fileRef = 136FEC312B59A4BF0052E25E /* MapView.swift */; };
		13FF4EA92B5A386F00C932DA /* LandmarkDetails.swift in Sources */ = {isa = PBXBuildFile; fileRef = 13FF4EA82B5A386F00C932DA /* LandmarkDetails.swift */; };
		13FF4EAD2B5A3AC400C932DA /* landmarkData.json in Resources */ = {isa = PBXBuildFile; fileRef = 13FF4EAC2B5A3AC400C932DA /* landmarkData.json */; };
		13FF4EB22B5A3B2B00C932DA /* Landmark.swift in Sources */ = {isa = PBXBuildFile; fileRef = 13FF4EB12B5A3B2B00C932DA /* Landmark.swift */; };
		13FF4EB42B5A3D3000C932DA /* ModelData.swift in Sources */ = {isa = PBXBuildFile; fileRef = 13FF4EB32B5A3D3000C932DA /* ModelData.swift */; };
		13FF4EB72B5A3ED700C932DA /* LandmarkRow.swift in Sources */ = {isa = PBXBuildFile; fileRef = 13FF4EB62B5A3ED700C932DA /* LandmarkRow.swift */; };
		13FF4EB92B5A428A00C932DA /* LandmarkList.swift in Sources */ = {isa = PBXBuildFile; fileRef = 13FF4EB82B5A428A00C932DA /* LandmarkList.swift */; };
/* End PBXBuildFile section */

/* Begin PBXFileReference section */
		11E983E82B877F64000449D2 /* FavoriteButton.swift */ = {isa = PBXFileReference; lastKnownFileType = sourcecode.swift; path = FavoriteButton.swift; sourceTree = "<group>"; };
		136FEC1E2B599F490052E25E /* Landmark.app */ = {isa = PBXFileReference; explicitFileType = wrapper.application; includeInIndex = 0; path = Landmark.app; sourceTree = BUILT_PRODUCTS_DIR; };
		136FEC212B599F490052E25E /* LandmarkApp.swift */ = {isa = PBXFileReference; lastKnownFileType = sourcecode.swift; path = LandmarkApp.swift; sourceTree = "<group>"; };
		136FEC252B599F4B0052E25E /* Assets.xcassets */ = {isa = PBXFileReference; lastKnownFileType = folder.assetcatalog; path = Assets.xcassets; sourceTree = "<group>"; };
		136FEC282B599F4B0052E25E /* Preview Assets.xcassets */ = {isa = PBXFileReference; lastKnownFileType = folder.assetcatalog; path = "Preview Assets.xcassets"; sourceTree = "<group>"; };
		136FEC2F2B59A3930052E25E /* CircleImage.swift */ = {isa = PBXFileReference; lastKnownFileType = sourcecode.swift; path = CircleImage.swift; sourceTree = "<group>"; };
		136FEC312B59A4BF0052E25E /* MapView.swift */ = {isa = PBXFileReference; lastKnownFileType = sourcecode.swift; path = MapView.swift; sourceTree = "<group>"; };
		13FF4EA82B5A386F00C932DA /* LandmarkDetails.swift */ = {isa = PBXFileReference; lastKnownFileType = sourcecode.swift; path = LandmarkDetails.swift; sourceTree = "<group>"; };
		13FF4EAC2B5A3AC400C932DA /* landmarkData.json */ = {isa = PBXFileReference; fileEncoding = 4; lastKnownFileType = text.json; path = landmarkData.json; sourceTree = "<group>"; };
		13FF4EB12B5A3B2B00C932DA /* Landmark.swift */ = {isa = PBXFileReference; lastKnownFileType = sourcecode.swift; path = Landmark.swift; sourceTree = "<group>"; };
		13FF4EB32B5A3D3000C932DA /* ModelData.swift */ = {isa = PBXFileReference; lastKnownFileType = sourcecode.swift; path = ModelData.swift; sourceTree = "<group>"; };
		13FF4EB62B5A3ED700C932DA /* LandmarkRow.swift */ = {isa = PBXFileReference; lastKnownFileType = sourcecode.swift; path = LandmarkRow.swift; sourceTree = "<group>"; };
		13FF4EB82B5A428A00C932DA /* LandmarkList.swift */ = {isa = PBXFileReference; lastKnownFileType = sourcecode.swift; path = LandmarkList.swift; sourceTree = "<group>"; };
/* End PBXFileReference section */

/* Begin PBXFrameworksBuildPhase section */
		136FEC1B2B599F490052E25E /* Frameworks */ = {
			isa = PBXFrameworksBuildPhase;
			buildActionMask = 2147483647;
			files = (
			);
			runOnlyForDeploymentPostprocessing = 0;
		};
/* End PBXFrameworksBuildPhase section */

/* Begin PBXGroup section */
		11E983EB2B8780CF000449D2 /* Landmarks */ = {
			isa = PBXGroup;
			children = (
				13FF4EB52B5A3EC200C932DA /* Landmark List */,
				13FF4EA72B5A384400C932DA /* Details View */,
			);
			path = Landmarks;
			sourceTree = "<group>";
		};
		136FEC152B599F490052E25E = {
			isa = PBXGroup;
			children = (
				136FEC202B599F490052E25E /* Landmark */,
				136FEC1F2B599F490052E25E /* Products */,
			);
			sourceTree = "<group>";
		};
		136FEC1F2B599F490052E25E /* Products */ = {
			isa = PBXGroup;
			children = (
				136FEC1E2B599F490052E25E /* Landmark.app */,
			);
			name = Products;
			sourceTree = "<group>";
		};
		136FEC202B599F490052E25E /* Landmark */ = {
			isa = PBXGroup;
			children = (
				13FF4EB02B5A3B1B00C932DA /* Model */,
				13FF4EAE2B5A3AF900C932DA /* View */,
				13FF4EAB2B5A3AAB00C932DA /* Resources */,
				136FEC212B599F490052E25E /* LandmarkApp.swift */,
				136FEC252B599F4B0052E25E /* Assets.xcassets */,
				136FEC272B599F4B0052E25E /* Preview Content */,
			);
			path = Landmark;
			sourceTree = "<group>";
		};
		136FEC272B599F4B0052E25E /* Preview Content */ = {
			isa = PBXGroup;
			children = (
				136FEC282B599F4B0052E25E /* Preview Assets.xcassets */,
			);
			path = "Preview Content";
			sourceTree = "<group>";
		};
		13FF4EA72B5A384400C932DA /* Details View */ = {
			isa = PBXGroup;
			children = (
				13FF4EA82B5A386F00C932DA /* LandmarkDetails.swift */,
			);
			path = "Details View";
			sourceTree = "<group>";
		};
		13FF4EAA2B5A38CB00C932DA /* Components */ = {
			isa = PBXGroup;
			children = (
				11E983E82B877F64000449D2 /* FavoriteButton.swift */,
				136FEC2F2B59A3930052E25E /* CircleImage.swift */,
				136FEC312B59A4BF0052E25E /* MapView.swift */,
			);
			path = Components;
			sourceTree = "<group>";
		};
		13FF4EAB2B5A3AAB00C932DA /* Resources */ = {
			isa = PBXGroup;
			children = (
				13FF4EAC2B5A3AC400C932DA /* landmarkData.json */,
			);
			path = Resources;
			sourceTree = "<group>";
		};
		13FF4EAE2B5A3AF900C932DA /* View */ = {
			isa = PBXGroup;
			children = (
				13FF4EAA2B5A38CB00C932DA /* Components */,
				11E983EB2B8780CF000449D2 /* Landmarks */,
			);
			path = View;
			sourceTree = "<group>";
		};
		13FF4EB02B5A3B1B00C932DA /* Model */ = {
			isa = PBXGroup;
			children = (
				13FF4EB12B5A3B2B00C932DA /* Landmark.swift */,
				13FF4EB32B5A3D3000C932DA /* ModelData.swift */,
			);
			path = Model;
			sourceTree = "<group>";
		};
		13FF4EB52B5A3EC200C932DA /* Landmark List */ = {
			isa = PBXGroup;
			children = (
				13FF4EB62B5A3ED700C932DA /* LandmarkRow.swift */,
				13FF4EB82B5A428A00C932DA /* LandmarkList.swift */,
			);
			path = "Landmark List";
			sourceTree = "<group>";
		};
/* End PBXGroup section */

/* Begin PBXNativeTarget section */
		136FEC1D2B599F490052E25E /* Landmark */ = {
			isa = PBXNativeTarget;
			buildConfigurationList = 136FEC2C2B599F4B0052E25E /* Build configuration list for PBXNativeTarget "Landmark" */;
			buildPhases = (
				136FEC1A2B599F490052E25E /* Sources */,
				136FEC1B2B599F490052E25E /* Frameworks */,
				136FEC1C2B599F490052E25E /* Resources */,
			);
			buildRules = (
			);
			dependencies = (
			);
			name = Landmark;
			productName = Landmark;
			productReference = 136FEC1E2B599F490052E25E /* Landmark.app */;
			productType = "com.apple.product-type.application";
		};
/* End PBXNativeTarget section */

/* Begin PBXProject section */
		136FEC162B599F490052E25E /* Project object */ = {
			isa = PBXProject;
			attributes = {
				BuildIndependentTargetsInParallel = 1;
				LastSwiftUpdateCheck = 1520;
				LastUpgradeCheck = 1520;
				TargetAttributes = {
					136FEC1D2B599F490052E25E = {
						CreatedOnToolsVersion = 15.2;
					};
				};
			};
			buildConfigurationList = 136FEC192B599F490052E25E /* Build configuration list for PBXProject "Landmark" */;
			compatibilityVersion = "Xcode 14.0";
			developmentRegion = en;
			hasScannedForEncodings = 0;
			knownRegions = (
				en,
				Base,
			);
			mainGroup = 136FEC152B599F490052E25E;
			productRefGroup = 136FEC1F2B599F490052E25E /* Products */;
			projectDirPath = "";
			projectRoot = "";
			targets = (
				136FEC1D2B599F490052E25E /* Landmark */,
			);
		};
/* End PBXProject section */

/* Begin PBXResourcesBuildPhase section */
		136FEC1C2B599F490052E25E /* Resources */ = {
			isa = PBXResourcesBuildPhase;
			buildActionMask = 2147483647;
			files = (
				136FEC292B599F4B0052E25E /* Preview Assets.xcassets in Resources */,
				136FEC262B599F4B0052E25E /* Assets.xcassets in Resources */,
				13FF4EAD2B5A3AC400C932DA /* landmarkData.json in Resources */,
			);
			runOnlyForDeploymentPostprocessing = 0;
		};
/* End PBXResourcesBuildPhase section */

/* Begin PBXSourcesBuildPhase section */
		136FEC1A2B599F490052E25E /* Sources */ = {
			isa = PBXSourcesBuildPhase;
			buildActionMask = 2147483647;
			files = (
				136FEC322B59A4BF0052E25E /* MapView.swift in Sources */,
				136FEC222B599F490052E25E /* LandmarkApp.swift in Sources */,
				13FF4EA92B5A386F00C932DA /* LandmarkDetails.swift in Sources */,
				11E983E92B877F64000449D2 /* FavoriteButton.swift in Sources */,
				13FF4EB92B5A428A00C932DA /* LandmarkList.swift in Sources */,
				136FEC302B59A3940052E25E /* CircleImage.swift in Sources */,
				13FF4EB22B5A3B2B00C932DA /* Landmark.swift in Sources */,
				13FF4EB72B5A3ED700C932DA /* LandmarkRow.swift in Sources */,
				13FF4EB42B5A3D3000C932DA /* ModelData.swift in Sources */,
			);
			runOnlyForDeploymentPostprocessing = 0;
		};
/* End PBXSourcesBuildPhase section */

/* Begin XCBuildConfiguration section */
		136FEC2A2B599F4B0052E25E /* Debug */ = {
			isa = XCBuildConfiguration;
			buildSettings = {
				ALWAYS_SEARCH_USER_PATHS = NO;
				ASSETCATALOG_COMPILER_GENERATE_SWIFT_ASSET_SYMBOL_EXTENSIONS = YES;
				CLANG_ANALYZER_NONNULL = YES;
				CLANG_ANALYZER_NUMBER_OBJECT_CONVERSION = YES_AGGRESSIVE;
				CLANG_CXX_LANGUAGE_STANDARD = "gnu++20";
				CLANG_ENABLE_MODULES = YES;
				CLANG_ENABLE_OBJC_ARC = YES;
				CLANG_ENABLE_OBJC_WEAK = YES;
				CLANG_WARN_BLOCK_CAPTURE_AUTORELEASING = YES;
				CLANG_WARN_BOOL_CONVERSION = YES;
				CLANG_WARN_COMMA = YES;
				CLANG_WARN_CONSTANT_CONVERSION = YES;
				CLANG_WARN_DEPRECATED_OBJC_IMPLEMENTATIONS = YES;
				CLANG_WARN_DIRECT_OBJC_ISA_USAGE = YES_ERROR;
				CLANG_WARN_DOCUMENTATION_COMMENTS = YES;
				CLANG_WARN_EMPTY_BODY = YES;
				CLANG_WARN_ENUM_CONVERSION = YES;
				CLANG_WARN_INFINITE_RECURSION = YES;
				CLANG_WARN_INT_CONVERSION = YES;
				CLANG_WARN_NON_LITERAL_NULL_CONVERSION = YES;
				CLANG_WARN_OBJC_IMPLICIT_RETAIN_SELF = YES;
				CLANG_WARN_OBJC_LITERAL_CONVERSION = YES;
				CLANG_WARN_OBJC_ROOT_CLASS = YES_ERROR;
				CLANG_WARN_QUOTED_INCLUDE_IN_FRAMEWORK_HEADER = YES;
				CLANG_WARN_RANGE_LOOP_ANALYSIS = YES;
				CLANG_WARN_STRICT_PROTOTYPES = YES;
				CLANG_WARN_SUSPICIOUS_MOVE = YES;
				CLANG_WARN_UNGUARDED_AVAILABILITY = YES_AGGRESSIVE;
				CLANG_WARN_UNREACHABLE_CODE = YES;
				CLANG_WARN__DUPLICATE_METHOD_MATCH = YES;
				COPY_PHASE_STRIP = NO;
				DEBUG_INFORMATION_FORMAT = dwarf;
				ENABLE_STRICT_OBJC_MSGSEND = YES;
				ENABLE_TESTABILITY = YES;
				ENABLE_USER_SCRIPT_SANDBOXING = YES;
				GCC_C_LANGUAGE_STANDARD = gnu17;
				GCC_DYNAMIC_NO_PIC = NO;
				GCC_NO_COMMON_BLOCKS = YES;
				GCC_OPTIMIZATION_LEVEL = 0;
				GCC_PREPROCESSOR_DEFINITIONS = (
					"DEBUG=1",
					"$(inherited)",
				);
				GCC_WARN_64_TO_32_BIT_CONVERSION = YES;
				GCC_WARN_ABOUT_RETURN_TYPE = YES_ERROR;
				GCC_WARN_UNDECLARED_SELECTOR = YES;
				GCC_WARN_UNINITIALIZED_AUTOS = YES_AGGRESSIVE;
				GCC_WARN_UNUSED_FUNCTION = YES;
				GCC_WARN_UNUSED_VARIABLE = YES;
				IPHONEOS_DEPLOYMENT_TARGET = 17.2;
				LOCALIZATION_PREFERS_STRING_CATALOGS = YES;
				MTL_ENABLE_DEBUG_INFO = INCLUDE_SOURCE;
				MTL_FAST_MATH = YES;
				ONLY_ACTIVE_ARCH = YES;
				SDKROOT = iphoneos;
				SWIFT_ACTIVE_COMPILATION_CONDITIONS = "DEBUG $(inherited)";
				SWIFT_OPTIMIZATION_LEVEL = "-Onone";
			};
			name = Debug;
		};
		136FEC2B2B599F4B0052E25E /* Release */ = {
			isa = XCBuildConfiguration;
			buildSettings = {
				ALWAYS_SEARCH_USER_PATHS = NO;
				ASSETCATALOG_COMPILER_GENERATE_SWIFT_ASSET_SYMBOL_EXTENSIONS = YES;
				CLANG_ANALYZER_NONNULL = YES;
				CLANG_ANALYZER_NUMBER_OBJECT_CONVERSION = YES_AGGRESSIVE;
				CLANG_CXX_LANGUAGE_STANDARD = "gnu++20";
				CLANG_ENABLE_MODULES = YES;
				CLANG_ENABLE_OBJC_ARC = YES;
				CLANG_ENABLE_OBJC_WEAK = YES;
				CLANG_WARN_BLOCK_CAPTURE_AUTORELEASING = YES;
				CLANG_WARN_BOOL_CONVERSION = YES;
				CLANG_WARN_COMMA = YES;
				CLANG_WARN_CONSTANT_CONVERSION = YES;
				CLANG_WARN_DEPRECATED_OBJC_IMPLEMENTATIONS = YES;
				CLANG_WARN_DIRECT_OBJC_ISA_USAGE = YES_ERROR;
				CLANG_WARN_DOCUMENTATION_COMMENTS = YES;
				CLANG_WARN_EMPTY_BODY = YES;
				CLANG_WARN_ENUM_CONVERSION = YES;
				CLANG_WARN_INFINITE_RECURSION = YES;
				CLANG_WARN_INT_CONVERSION = YES;
				CLANG_WARN_NON_LITERAL_NULL_CONVERSION = YES;
				CLANG_WARN_OBJC_IMPLICIT_RETAIN_SELF = YES;
				CLANG_WARN_OBJC_LITERAL_CONVERSION = YES;
				CLANG_WARN_OBJC_ROOT_CLASS = YES_ERROR;
				CLANG_WARN_QUOTED_INCLUDE_IN_FRAMEWORK_HEADER = YES;
				CLANG_WARN_RANGE_LOOP_ANALYSIS = YES;
				CLANG_WARN_STRICT_PROTOTYPES = YES;
				CLANG_WARN_SUSPICIOUS_MOVE = YES;
				CLANG_WARN_UNGUARDED_AVAILABILITY = YES_AGGRESSIVE;
				CLANG_WARN_UNREACHABLE_CODE = YES;
				CLANG_WARN__DUPLICATE_METHOD_MATCH = YES;
				COPY_PHASE_STRIP = NO;
				DEBUG_INFORMATION_FORMAT = "dwarf-with-dsym";
				ENABLE_NS_ASSERTIONS = NO;
				ENABLE_STRICT_OBJC_MSGSEND = YES;
				ENABLE_USER_SCRIPT_SANDBOXING = YES;
				GCC_C_LANGUAGE_STANDARD = gnu17;
				GCC_NO_COMMON_BLOCKS = YES;
				GCC_WARN_64_TO_32_BIT_CONVERSION = YES;
				GCC_WARN_ABOUT_RETURN_TYPE = YES_ERROR;
				GCC_WARN_UNDECLARED_SELECTOR = YES;
				GCC_WARN_UNINITIALIZED_AUTOS = YES_AGGRESSIVE;
				GCC_WARN_UNUSED_FUNCTION = YES;
				GCC_WARN_UNUSED_VARIABLE = YES;
				IPHONEOS_DEPLOYMENT_TARGET = 17.2;
				LOCALIZATION_PREFERS_STRING_CATALOGS = YES;
				MTL_ENABLE_DEBUG_INFO = NO;
				MTL_FAST_MATH = YES;
				SDKROOT = iphoneos;
				SWIFT_COMPILATION_MODE = wholemodule;
				VALIDATE_PRODUCT = YES;
			};
			name = Release;
		};
		136FEC2D2B599F4B0052E25E /* Debug */ = {
			isa = XCBuildConfiguration;
			buildSettings = {
				ASSETCATALOG_COMPILER_APPICON_NAME = AppIcon;
				ASSETCATALOG_COMPILER_GLOBAL_ACCENT_COLOR_NAME = AccentColor;
				CODE_SIGN_STYLE = Automatic;
				CURRENT_PROJECT_VERSION = 1;
				DEVELOPMENT_ASSET_PATHS = "\"Landmark/Preview Content\"";
				DEVELOPMENT_TEAM = 9F49W83KP5;
				ENABLE_PREVIEWS = YES;
				GENERATE_INFOPLIST_FILE = YES;
				INFOPLIST_KEY_UIApplicationSceneManifest_Generation = YES;
				INFOPLIST_KEY_UIApplicationSupportsIndirectInputEvents = YES;
				INFOPLIST_KEY_UILaunchScreen_Generation = YES;
				INFOPLIST_KEY_UISupportedInterfaceOrientations_iPad = "UIInterfaceOrientationPortrait UIInterfaceOrientationPortraitUpsideDown UIInterfaceOrientationLandscapeLeft UIInterfaceOrientationLandscapeRight";
				INFOPLIST_KEY_UISupportedInterfaceOrientations_iPhone = "UIInterfaceOrientationPortrait UIInterfaceOrientationLandscapeLeft UIInterfaceOrientationLandscapeRight";
				LD_RUNPATH_SEARCH_PATHS = (
					"$(inherited)",
					"@executable_path/Frameworks",
				);
				MARKETING_VERSION = 1.0;
				PRODUCT_BUNDLE_IDENTIFIER = mobodevstuff.Landmark;
				PRODUCT_NAME = "$(TARGET_NAME)";
				SWIFT_EMIT_LOC_STRINGS = YES;
				SWIFT_VERSION = 5.0;
				TARGETED_DEVICE_FAMILY = "1,2";
			};
			name = Debug;
		};
		136FEC2E2B599F4B0052E25E /* Release */ = {
			isa = XCBuildConfiguration;
			buildSettings = {
				ASSETCATALOG_COMPILER_APPICON_NAME = AppIcon;
				ASSETCATALOG_COMPILER_GLOBAL_ACCENT_COLOR_NAME = AccentColor;
				CODE_SIGN_STYLE = Automatic;
				CURRENT_PROJECT_VERSION = 1;
				DEVELOPMENT_ASSET_PATHS = "\"Landmark/Preview Content\"";
				DEVELOPMENT_TEAM = 9F49W83KP5;
				ENABLE_PREVIEWS = YES;
				GENERATE_INFOPLIST_FILE = YES;
				INFOPLIST_KEY_UIApplicationSceneManifest_Generation = YES;
				INFOPLIST_KEY_UIApplicationSupportsIndirectInputEvents = YES;
				INFOPLIST_KEY_UILaunchScreen_Generation = YES;
				INFOPLIST_KEY_UISupportedInterfaceOrientations_iPad = "UIInterfaceOrientationPortrait UIInterfaceOrientationPortraitUpsideDown UIInterfaceOrientationLandscapeLeft UIInterfaceOrientationLandscapeRight";
				INFOPLIST_KEY_UISupportedInterfaceOrientations_iPhone = "UIInterfaceOrientationPortrait UIInterfaceOrientationLandscapeLeft UIInterfaceOrientationLandscapeRight";
				LD_RUNPATH_SEARCH_PATHS = (
					"$(inherited)",
					"@executable_path/Frameworks",
				);
				MARKETING_VERSION = 1.0;
				PRODUCT_BUNDLE_IDENTIFIER = mobodevstuff.Landmark;
				PRODUCT_NAME = "$(TARGET_NAME)";
				SWIFT_EMIT_LOC_STRINGS = YES;
				SWIFT_VERSION = 5.0;
				TARGETED_DEVICE_FAMILY = "1,2";
			};
			name = Release;
		};
/* End XCBuildConfiguration section */

/* Begin XCConfigurationList section */
		136FEC192B599F490052E25E /* Build configuration list for PBXProject "Landmark" */ = {
			isa = XCConfigurationList;
			buildConfigurations = (
				136FEC2A2B599F4B0052E25E /* Debug */,
				136FEC2B2B599F4B0052E25E /* Release */,
			);
			defaultConfigurationIsVisible = 0;
			defaultConfigurationName = Release;
		};
		136FEC2C2B599F4B0052E25E /* Build configuration list for PBXNativeTarget "Landmark" */ = {
			isa = XCConfigurationList;
			buildConfigurations = (
				136FEC2D2B599F4B0052E25E /* Debug */,
				136FEC2E2B599F4B0052E25E /* Release */,
			);
			defaultConfigurationIsVisible = 0;
			defaultConfigurationName = Release;
		};
/* End XCConfigurationList section */
	};
	rootObject = 136FEC162B599F490052E25E /* Project object */;
}
